
Microsoft Visual Studio Solution File, Format Version 12.00
# Visual Studio Version 16
VisualStudioVersion = 16.0.30907.101
MinimumVisualStudioVersion = 10.0.40219.1
Project("{FAE04EC0-301F-11D3-BF4B-00C04F79EFBC}") = "types_of_loading", "types_of_loading\types_of_loading.csproj", "{3AC1BCED-F4E6-46B1-A5BF-76C1435FB8AF}"
EndProject
Global
	GlobalSection(SolutionConfigurationPlatforms) = preSolution
		Debug|Any CPU = Debug|Any CPU
		Release|Any CPU = Release|Any CPU
	EndGlobalSection
	GlobalSection(ProjectConfigurationPlatforms) = postSolution
		{3AC1BCED-F4E6-46B1-A5BF-76C1435FB8AF}.Debug|Any CPU.ActiveCfg = Debug|Any CPU
		{3AC1BCED-F4E6-46B1-A5BF-76C1435FB8AF}.Debug|Any CPU.Build.0 = Debug|Any CPU
		{3AC1BCED-F4E6-46B1-A5BF-76C1435FB8AF}.Release|Any CPU.ActiveCfg = Release|Any CPU
		{3AC1BCED-F4E6-46B1-A5BF-76C1435FB8AF}.Release|Any CPU.Build.0 = Release|Any CPU
	EndGlobalSection
	GlobalSection(SolutionProperties) = preSolution
		HideSolutionNode = FALSE
	EndGlobalSection
	GlobalSection(ExtensibilityGlobals) = postSolution
		SolutionGuid = {3154987E-5887-418B-ABD5-B325B4FDBC57}
	EndGlobalSection
EndGlobal
